# generated by rye
# use `rye lock` or `rye sync` to update this lockfile
#
# last locked with the following flags:
#   pre: false
#   features: []
#   all-features: false
#   with-sources: false
#   generate-hashes: false
#   universal: false

-e file:.
anyio==4.12.1
    # via httpx
certifi==2026.1.4
    # via httpcore
    # via httpx
    # via requests
charset-normalizer==3.4.4
    # via requests
coverage==7.13.4
    # via misskey-crawler
freezegun==1.5.5
    # via misskey-crawler
greenlet==3.3.1
    # via sqlalchemy
h11==0.16.0
    # via httpcore
httpcore==1.0.9
    # via httpx
httpx==0.28.1
    # via misskey-crawler
idna==3.11
    # via anyio
    # via httpx
    # via requests
isort==7.0.0
    # via misskey-crawler
misskey-py==4.1.0
    # via misskey-crawler
mock==5.2.0
    # via misskey-crawler
orjson==3.11.7
    # via misskey-crawler
pycodestyle==2.14.0
    # via misskey-crawler
python-dateutil==2.9.0.post0
    # via freezegun
requests==2.32.5
    # via misskey-py
ruff==0.15.0
    # via misskey-crawler
six==1.17.0
    # via python-dateutil
sqlalchemy==2.0.46
    # via misskey-crawler
typing-extensions==4.15.0
    # via anyio
    # via sqlalchemy
urllib3==2.6.3
    # via requests
